
Microsoft Visual Studio Solution File, Format Version 12.00
# Visual Studio 15
VisualStudioVersion = 15.0.27703.2042
MinimumVisualStudioVersion = 10.0.40219.1
Project("{FAE04EC0-301F-11D3-BF4B-00C04F79EFBC}") = "Playing Cards Enum", "Playing Cards Enum\Playing Cards Enum.csproj", "{6265D06E-F95B-4423-A5DA-1FC55BE301BC}"
EndProject
Global
	GlobalSection(SolutionConfigurationPlatforms) = preSolution
		Debug|Any CPU = Debug|Any CPU
		Release|Any CPU = Release|Any CPU
	EndGlobalSection
	GlobalSection(ProjectConfigurationPlatforms) = postSolution
		{6265D06E-F95B-4423-A5DA-1FC55BE301BC}.Debug|Any CPU.ActiveCfg = Debug|Any CPU
		{6265D06E-F95B-4423-A5DA-1FC55BE301BC}.Debug|Any CPU.Build.0 = Debug|Any CPU
		{6265D06E-F95B-4423-A5DA-1FC55BE301BC}.Release|Any CPU.ActiveCfg = Release|Any CPU
		{6265D06E-F95B-4423-A5DA-1FC55BE301BC}.Release|Any CPU.Build.0 = Release|Any CPU
	EndGlobalSection
	GlobalSection(SolutionProperties) = preSolution
		HideSolutionNode = FALSE
	EndGlobalSection
	GlobalSection(ExtensibilityGlobals) = postSolution
		SolutionGuid = {FE49183C-AEB6-4366-B8C9-D7C629018027}
	EndGlobalSection
EndGlobal
